// !$*UTF8*$!
{
	archiveVersion = 1;
	classes = {
	};
	objectVersion = 46;
	objects = {

/* Begin PBXBuildFile section */
		F60FD5E51F259A6600810C0E /* HomeViewController.swift in Sources */ = {isa = PBXBuildFile; fileRef = F60FD5E41F259A6600810C0E /* HomeViewController.swift */; };
		F60FD5E71F259A9500810C0E /* EMBaseViewController.swift in Sources */ = {isa = PBXBuildFile; fileRef = F60FD5E61F259A9500810C0E /* EMBaseViewController.swift */; };
		F60FD5E91F25A8E500810C0E /* PlayMusicViewController.swift in Sources */ = {isa = PBXBuildFile; fileRef = F60FD5E81F25A8E500810C0E /* PlayMusicViewController.swift */; };
		F621B8FE1F208E5D003F9701 /* AppDelegate.swift in Sources */ = {isa = PBXBuildFile; fileRef = F621B8FD1F208E5D003F9701 /* AppDelegate.swift */; };
		F621B9001F208E5D003F9701 /* ViewController.swift in Sources */ = {isa = PBXBuildFile; fileRef = F621B8FF1F208E5D003F9701 /* ViewController.swift */; };
		F621B9031F208E5D003F9701 /* Main.storyboard in Resources */ = {isa = PBXBuildFile; fileRef = F621B9011F208E5D003F9701 /* Main.storyboard */; };
		F621B9051F208E5D003F9701 /* Assets.xcassets in Resources */ = {isa = PBXBuildFile; fileRef = F621B9041F208E5D003F9701 /* Assets.xcassets */; };
		F621B9081F208E5D003F9701 /* LaunchScreen.storyboard in Resources */ = {isa = PBXBuildFile; fileRef = F621B9061F208E5D003F9701 /* LaunchScreen.storyboard */; };
		F621B92D1F20A2C0003F9701 /* YTKBaseRequest.m in Sources */ = {isa = PBXBuildFile; fileRef = F621B91B1F20A2C0003F9701 /* YTKBaseRequest.m */; };
		F621B92E1F20A2C0003F9701 /* YTKBatchRequest.m in Sources */ = {isa = PBXBuildFile; fileRef = F621B91D1F20A2C0003F9701 /* YTKBatchRequest.m */; };
		F621B92F1F20A2C0003F9701 /* YTKBatchRequestAgent.m in Sources */ = {isa = PBXBuildFile; fileRef = F621B91F1F20A2C0003F9701 /* YTKBatchRequestAgent.m */; };
		F621B9301F20A2C0003F9701 /* YTKChainRequest.m in Sources */ = {isa = PBXBuildFile; fileRef = F621B9211F20A2C0003F9701 /* YTKChainRequest.m */; };
		F621B9311F20A2C0003F9701 /* YTKChainRequestAgent.m in Sources */ = {isa = PBXBuildFile; fileRef = F621B9231F20A2C0003F9701 /* YTKChainRequestAgent.m */; };
		F621B9321F20A2C0003F9701 /* YTKNetworkAgent.m in Sources */ = {isa = PBXBuildFile; fileRef = F621B9261F20A2C0003F9701 /* YTKNetworkAgent.m */; };
		F621B9331F20A2C0003F9701 /* YTKNetworkConfig.m in Sources */ = {isa = PBXBuildFile; fileRef = F621B9281F20A2C0003F9701 /* YTKNetworkConfig.m */; };
		F621B9341F20A2C0003F9701 /* YTKNetworkPrivate.m in Sources */ = {isa = PBXBuildFile; fileRef = F621B92A1F20A2C0003F9701 /* YTKNetworkPrivate.m */; };
		F621B9351F20A2C0003F9701 /* YTKRequest.m in Sources */ = {isa = PBXBuildFile; fileRef = F621B92C1F20A2C0003F9701 /* YTKRequest.m */; };
		F621B9441F20A2D6003F9701 /* AFHTTPSessionManager.m in Sources */ = {isa = PBXBuildFile; fileRef = F621B9381F20A2D6003F9701 /* AFHTTPSessionManager.m */; };
		F621B9451F20A2D6003F9701 /* AFNetworkReachabilityManager.m in Sources */ = {isa = PBXBuildFile; fileRef = F621B93B1F20A2D6003F9701 /* AFNetworkReachabilityManager.m */; };
		F621B9461F20A2D6003F9701 /* AFSecurityPolicy.m in Sources */ = {isa = PBXBuildFile; fileRef = F621B93D1F20A2D6003F9701 /* AFSecurityPolicy.m */; };
		F621B9471F20A2D6003F9701 /* AFURLRequestSerialization.m in Sources */ = {isa = PBXBuildFile; fileRef = F621B93F1F20A2D6003F9701 /* AFURLRequestSerialization.m */; };
		F621B9481F20A2D6003F9701 /* AFURLResponseSerialization.m in Sources */ = {isa = PBXBuildFile; fileRef = F621B9411F20A2D6003F9701 /* AFURLResponseSerialization.m */; };
		F621B9491F20A2D6003F9701 /* AFURLSessionManager.m in Sources */ = {isa = PBXBuildFile; fileRef = F621B9431F20A2D6003F9701 /* AFURLSessionManager.m */; };
		F621B95F1F20A2DB003F9701 /* AFAutoPurgingImageCache.m in Sources */ = {isa = PBXBuildFile; fileRef = F621B94C1F20A2DB003F9701 /* AFAutoPurgingImageCache.m */; };
		F621B9601F20A2DB003F9701 /* AFImageDownloader.m in Sources */ = {isa = PBXBuildFile; fileRef = F621B94E1F20A2DB003F9701 /* AFImageDownloader.m */; };
		F621B9611F20A2DB003F9701 /* AFNetworkActivityIndicatorManager.m in Sources */ = {isa = PBXBuildFile; fileRef = F621B9501F20A2DB003F9701 /* AFNetworkActivityIndicatorManager.m */; };
		F621B9621F20A2DB003F9701 /* UIActivityIndicatorView+AFNetworking.m in Sources */ = {isa = PBXBuildFile; fileRef = F621B9521F20A2DB003F9701 /* UIActivityIndicatorView+AFNetworking.m */; };
		F621B9631F20A2DB003F9701 /* UIButton+AFNetworking.m in Sources */ = {isa = PBXBuildFile; fileRef = F621B9541F20A2DB003F9701 /* UIButton+AFNetworking.m */; };
		F621B9641F20A2DB003F9701 /* UIImageView+AFNetworking.m in Sources */ = {isa = PBXBuildFile; fileRef = F621B9571F20A2DB003F9701 /* UIImageView+AFNetworking.m */; };
		F621B9651F20A2DB003F9701 /* UIProgressView+AFNetworking.m in Sources */ = {isa = PBXBuildFile; fileRef = F621B95A1F20A2DB003F9701 /* UIProgressView+AFNetworking.m */; };
		F621B9661F20A2DB003F9701 /* UIRefreshControl+AFNetworking.m in Sources */ = {isa = PBXBuildFile; fileRef = F621B95C1F20A2DB003F9701 /* UIRefreshControl+AFNetworking.m */; };
		F621B9671F20A2DB003F9701 /* UIWebView+AFNetworking.m in Sources */ = {isa = PBXBuildFile; fileRef = F621B95E1F20A2DB003F9701 /* UIWebView+AFNetworking.m */; };
		F621B9691F20A383003F9701 /* DoubanToken.swift in Sources */ = {isa = PBXBuildFile; fileRef = F621B9681F20A383003F9701 /* DoubanToken.swift */; };
		F66E334D1F287382004DD41B /* PlayViewModel.swift in Sources */ = {isa = PBXBuildFile; fileRef = F66E334C1F287382004DD41B /* PlayViewModel.swift */; };
		F66E334F1F28747D004DD41B /* EMMedia.swift in Sources */ = {isa = PBXBuildFile; fileRef = F66E334E1F28747D004DD41B /* EMMedia.swift */; };
		F66E33511F287971004DD41B /* PlayViewDataRepository.swift in Sources */ = {isa = PBXBuildFile; fileRef = F66E33501F287971004DD41B /* PlayViewDataRepository.swift */; };
		F66E33531F287A1D004DD41B /* HomeViewModel.swift in Sources */ = {isa = PBXBuildFile; fileRef = F66E33521F287A1D004DD41B /* HomeViewModel.swift */; };
		F66E33551F287A64004DD41B /* HomeViewRepository.swift in Sources */ = {isa = PBXBuildFile; fileRef = F66E33541F287A64004DD41B /* HomeViewRepository.swift */; };
		F6C67A7F1F278CBE0004C8D5 /* DOUAudioAnalyzer.m in Sources */ = {isa = PBXBuildFile; fileRef = F6C67A591F278CBE0004C8D5 /* DOUAudioAnalyzer.m */; };
		F6C67A801F278CBE0004C8D5 /* DOUAudioAnalyzer+Default.m in Sources */ = {isa = PBXBuildFile; fileRef = F6C67A5B1F278CBE0004C8D5 /* DOUAudioAnalyzer+Default.m */; };
		F6C67A811F278CBE0004C8D5 /* DOUAudioDecoder.m in Sources */ = {isa = PBXBuildFile; fileRef = F6C67A5E1F278CBE0004C8D5 /* DOUAudioDecoder.m */; };
		F6C67A821F278CBE0004C8D5 /* DOUAudioEventLoop.m in Sources */ = {isa = PBXBuildFile; fileRef = F6C67A601F278CBE0004C8D5 /* DOUAudioEventLoop.m */; };
		F6C67A831F278CBE0004C8D5 /* DOUAudioFilePreprocessor.m in Sources */ = {isa = PBXBuildFile; fileRef = F6C67A631F278CBE0004C8D5 /* DOUAudioFilePreprocessor.m */; };
		F6C67A841F278CBE0004C8D5 /* DOUAudioFileProvider.m in Sources */ = {isa = PBXBuildFile; fileRef = F6C67A651F278CBE0004C8D5 /* DOUAudioFileProvider.m */; };
		F6C67A851F278CBE0004C8D5 /* DOUAudioFrequencyAnalyzer.m in Sources */ = {isa = PBXBuildFile; fileRef = F6C67A671F278CBE0004C8D5 /* DOUAudioFrequencyAnalyzer.m */; };
		F6C67A861F278CBE0004C8D5 /* DOUAudioLPCM.m in Sources */ = {isa = PBXBuildFile; fileRef = F6C67A691F278CBE0004C8D5 /* DOUAudioLPCM.m */; };
		F6C67A871F278CBE0004C8D5 /* DOUAudioPlaybackItem.m in Sources */ = {isa = PBXBuildFile; fileRef = F6C67A6B1F278CBE0004C8D5 /* DOUAudioPlaybackItem.m */; };
		F6C67A881F278CBE0004C8D5 /* DOUAudioRenderer.m in Sources */ = {isa = PBXBuildFile; fileRef = F6C67A6D1F278CBE0004C8D5 /* DOUAudioRenderer.m */; };
		F6C67A891F278CBE0004C8D5 /* DOUAudioSpatialAnalyzer.m in Sources */ = {isa = PBXBuildFile; fileRef = F6C67A6F1F278CBE0004C8D5 /* DOUAudioSpatialAnalyzer.m */; };
		F6C67A8A1F278CBE0004C8D5 /* DOUAudioStreamer.m in Sources */ = {isa = PBXBuildFile; fileRef = F6C67A721F278CBE0004C8D5 /* DOUAudioStreamer.m */; };
		F6C67A8B1F278CBE0004C8D5 /* DOUAudioStreamer+Options.m in Sources */ = {isa = PBXBuildFile; fileRef = F6C67A741F278CBE0004C8D5 /* DOUAudioStreamer+Options.m */; };
		F6C67A8C1F278CBE0004C8D5 /* DOUAudioVisualizer.m in Sources */ = {isa = PBXBuildFile; fileRef = F6C67A761F278CBE0004C8D5 /* DOUAudioVisualizer.m */; };
		F6C67A8D1F278CBE0004C8D5 /* DOUEAGLView.m in Sources */ = {isa = PBXBuildFile; fileRef = F6C67A781F278CBE0004C8D5 /* DOUEAGLView.m */; };
		F6C67A8E1F278CBE0004C8D5 /* DOUMPMediaLibraryAssetLoader.m in Sources */ = {isa = PBXBuildFile; fileRef = F6C67A7A1F278CBE0004C8D5 /* DOUMPMediaLibraryAssetLoader.m */; };
		F6C67A8F1F278CBE0004C8D5 /* DOUSimpleHTTPRequest.m in Sources */ = {isa = PBXBuildFile; fileRef = F6C67A7C1F278CBE0004C8D5 /* DOUSimpleHTTPRequest.m */; };
		F6C67A901F278CBE0004C8D5 /* NSData+DOUMappedFile.m in Sources */ = {isa = PBXBuildFile; fileRef = F6C67A7E1F278CBE0004C8D5 /* NSData+DOUMappedFile.m */; };
/* End PBXBuildFile section */

/* Begin PBXFileReference section */
		F60FD5E41F259A6600810C0E /* HomeViewController.swift */ = {isa = PBXFileReference; fileEncoding = 4; lastKnownFileType = sourcecode.swift; path = HomeViewController.swift; sourceTree = "<group>"; };
		F60FD5E61F259A9500810C0E /* EMBaseViewController.swift */ = {isa = PBXFileReference; fileEncoding = 4; lastKnownFileType = sourcecode.swift; path = EMBaseViewController.swift; sourceTree = "<group>"; };
		F60FD5E81F25A8E500810C0E /* PlayMusicViewController.swift */ = {isa = PBXFileReference; fileEncoding = 4; lastKnownFileType = sourcecode.swift; path = PlayMusicViewController.swift; sourceTree = "<group>"; };
		F621B8FA1F208E5D003F9701 /* enjoyMusic.app */ = {isa = PBXFileReference; explicitFileType = wrapper.application; includeInIndex = 0; path = enjoyMusic.app; sourceTree = BUILT_PRODUCTS_DIR; };
		F621B8FD1F208E5D003F9701 /* AppDelegate.swift */ = {isa = PBXFileReference; lastKnownFileType = sourcecode.swift; path = AppDelegate.swift; sourceTree = "<group>"; };
		F621B8FF1F208E5D003F9701 /* ViewController.swift */ = {isa = PBXFileReference; lastKnownFileType = sourcecode.swift; path = ViewController.swift; sourceTree = "<group>"; };
		F621B9021F208E5D003F9701 /* Base */ = {isa = PBXFileReference; lastKnownFileType = file.storyboard; name = Base; path = Base.lproj/Main.storyboard; sourceTree = "<group>"; };
		F621B9041F208E5D003F9701 /* Assets.xcassets */ = {isa = PBXFileReference; lastKnownFileType = folder.assetcatalog; path = Assets.xcassets; sourceTree = "<group>"; };
		F621B9071F208E5D003F9701 /* Base */ = {isa = PBXFileReference; lastKnownFileType = file.storyboard; name = Base; path = Base.lproj/LaunchScreen.storyboard; sourceTree = "<group>"; };
		F621B9091F208E5D003F9701 /* Info.plist */ = {isa = PBXFileReference; lastKnownFileType = text.plist.xml; path = Info.plist; sourceTree = "<group>"; };
		F621B90F1F20A08A003F9701 /* enjoyMusic-Bridging-Header.h */ = {isa = PBXFileReference; lastKnownFileType = sourcecode.c.h; path = "enjoyMusic-Bridging-Header.h"; sourceTree = "<group>"; };
		F621B91A1F20A2C0003F9701 /* YTKBaseRequest.h */ = {isa = PBXFileReference; fileEncoding = 4; lastKnownFileType = sourcecode.c.h; path = YTKBaseRequest.h; sourceTree = "<group>"; };
		F621B91B1F20A2C0003F9701 /* YTKBaseRequest.m */ = {isa = PBXFileReference; fileEncoding = 4; lastKnownFileType = sourcecode.c.objc; path = YTKBaseRequest.m; sourceTree = "<group>"; };
		F621B91C1F20A2C0003F9701 /* YTKBatchRequest.h */ = {isa = PBXFileReference; fileEncoding = 4; lastKnownFileType = sourcecode.c.h; path = YTKBatchRequest.h; sourceTree = "<group>"; };
		F621B91D1F20A2C0003F9701 /* YTKBatchRequest.m */ = {isa = PBXFileReference; fileEncoding = 4; lastKnownFileType = sourcecode.c.objc; path = YTKBatchRequest.m; sourceTree = "<group>"; };
		F621B91E1F20A2C0003F9701 /* YTKBatchRequestAgent.h */ = {isa = PBXFileReference; fileEncoding = 4; lastKnownFileType = sourcecode.c.h; path = YTKBatchRequestAgent.h; sourceTree = "<group>"; };
		F621B91F1F20A2C0003F9701 /* YTKBatchRequestAgent.m */ = {isa = PBXFileReference; fileEncoding = 4; lastKnownFileType = sourcecode.c.objc; path = YTKBatchRequestAgent.m; sourceTree = "<group>"; };
		F621B9201F20A2C0003F9701 /* YTKChainRequest.h */ = {isa = PBXFileReference; fileEncoding = 4; lastKnownFileType = sourcecode.c.h; path = YTKChainRequest.h; sourceTree = "<group>"; };
		F621B9211F20A2C0003F9701 /* YTKChainRequest.m */ = {isa = PBXFileReference; fileEncoding = 4; lastKnownFileType = sourcecode.c.objc; path = YTKChainRequest.m; sourceTree = "<group>"; };
		F621B9221F20A2C0003F9701 /* YTKChainRequestAgent.h */ = {isa = PBXFileReference; fileEncoding = 4; lastKnownFileType = sourcecode.c.h; path = YTKChainRequestAgent.h; sourceTree = "<group>"; };
		F621B9231F20A2C0003F9701 /* YTKChainRequestAgent.m */ = {isa = PBXFileReference; fileEncoding = 4; lastKnownFileType = sourcecode.c.objc; path = YTKChainRequestAgent.m; sourceTree = "<group>"; };
		F621B9241F20A2C0003F9701 /* YTKNetwork.h */ = {isa = PBXFileReference; fileEncoding = 4; lastKnownFileType = sourcecode.c.h; path = YTKNetwork.h; sourceTree = "<group>"; };
		F621B9251F20A2C0003F9701 /* YTKNetworkAgent.h */ = {isa = PBXFileReference; fileEncoding = 4; lastKnownFileType = sourcecode.c.h; path = YTKNetworkAgent.h; sourceTree = "<group>"; };
		F621B9261F20A2C0003F9701 /* YTKNetworkAgent.m */ = {isa = PBXFileReference; fileEncoding = 4; lastKnownFileType = sourcecode.c.objc; path = YTKNetworkAgent.m; sourceTree = "<group>"; };
		F621B9271F20A2C0003F9701 /* YTKNetworkConfig.h */ = {isa = PBXFileReference; fileEncoding = 4; lastKnownFileType = sourcecode.c.h; path = YTKNetworkConfig.h; sourceTree = "<group>"; };
		F621B9281F20A2C0003F9701 /* YTKNetworkConfig.m */ = {isa = PBXFileReference; fileEncoding = 4; lastKnownFileType = sourcecode.c.objc; path = YTKNetworkConfig.m; sourceTree = "<group>"; };
		F621B9291F20A2C0003F9701 /* YTKNetworkPrivate.h */ = {isa = PBXFileReference; fileEncoding = 4; lastKnownFileType = sourcecode.c.h; path = YTKNetworkPrivate.h; sourceTree = "<group>"; };
		F621B92A1F20A2C0003F9701 /* YTKNetworkPrivate.m */ = {isa = PBXFileReference; fileEncoding = 4; lastKnownFileType = sourcecode.c.objc; path = YTKNetworkPrivate.m; sourceTree = "<group>"; };
		F621B92B1F20A2C0003F9701 /* YTKRequest.h */ = {isa = PBXFileReference; fileEncoding = 4; lastKnownFileType = sourcecode.c.h; path = YTKRequest.h; sourceTree = "<group>"; };
		F621B92C1F20A2C0003F9701 /* YTKRequest.m */ = {isa = PBXFileReference; fileEncoding = 4; lastKnownFileType = sourcecode.c.objc; path = YTKRequest.m; sourceTree = "<group>"; };
		F621B9371F20A2D6003F9701 /* AFHTTPSessionManager.h */ = {isa = PBXFileReference; fileEncoding = 4; lastKnownFileType = sourcecode.c.h; path = AFHTTPSessionManager.h; sourceTree = "<group>"; };
		F621B9381F20A2D6003F9701 /* AFHTTPSessionManager.m */ = {isa = PBXFileReference; fileEncoding = 4; lastKnownFileType = sourcecode.c.objc; path = AFHTTPSessionManager.m; sourceTree = "<group>"; };
		F621B9391F20A2D6003F9701 /* AFNetworking.h */ = {isa = PBXFileReference; fileEncoding = 4; lastKnownFileType = sourcecode.c.h; path = AFNetworking.h; sourceTree = "<group>"; };
		F621B93A1F20A2D6003F9701 /* AFNetworkReachabilityManager.h */ = {isa = PBXFileReference; fileEncoding = 4; lastKnownFileType = sourcecode.c.h; path = AFNetworkReachabilityManager.h; sourceTree = "<group>"; };
		F621B93B1F20A2D6003F9701 /* AFNetworkReachabilityManager.m */ = {isa = PBXFileReference; fileEncoding = 4; lastKnownFileType = sourcecode.c.objc; path = AFNetworkReachabilityManager.m; sourceTree = "<group>"; };
		F621B93C1F20A2D6003F9701 /* AFSecurityPolicy.h */ = {isa = PBXFileReference; fileEncoding = 4; lastKnownFileType = sourcecode.c.h; path = AFSecurityPolicy.h; sourceTree = "<group>"; };
		F621B93D1F20A2D6003F9701 /* AFSecurityPolicy.m */ = {isa = PBXFileReference; fileEncoding = 4; lastKnownFileType = sourcecode.c.objc; path = AFSecurityPolicy.m; sourceTree = "<group>"; };
		F621B93E1F20A2D6003F9701 /* AFURLRequestSerialization.h */ = {isa = PBXFileReference; fileEncoding = 4; lastKnownFileType = sourcecode.c.h; path = AFURLRequestSerialization.h; sourceTree = "<group>"; };
		F621B93F1F20A2D6003F9701 /* AFURLRequestSerialization.m */ = {isa = PBXFileReference; fileEncoding = 4; lastKnownFileType = sourcecode.c.objc; path = AFURLRequestSerialization.m; sourceTree = "<group>"; };
		F621B9401F20A2D6003F9701 /* AFURLResponseSerialization.h */ = {isa = PBXFileReference; fileEncoding = 4; lastKnownFileType = sourcecode.c.h; path = AFURLResponseSerialization.h; sourceTree = "<group>"; };
		F621B9411F20A2D6003F9701 /* AFURLResponseSerialization.m */ = {isa = PBXFileReference; fileEncoding = 4; lastKnownFileType = sourcecode.c.objc; path = AFURLResponseSerialization.m; sourceTree = "<group>"; };
		F621B9421F20A2D6003F9701 /* AFURLSessionManager.h */ = {isa = PBXFileReference; fileEncoding = 4; lastKnownFileType = sourcecode.c.h; path = AFURLSessionManager.h; sourceTree = "<group>"; };
		F621B9431F20A2D6003F9701 /* AFURLSessionManager.m */ = {isa = PBXFileReference; fileEncoding = 4; lastKnownFileType = sourcecode.c.objc; path = AFURLSessionManager.m; sourceTree = "<group>"; };
		F621B94B1F20A2DB003F9701 /* AFAutoPurgingImageCache.h */ = {isa = PBXFileReference; fileEncoding = 4; lastKnownFileType = sourcecode.c.h; path = AFAutoPurgingImageCache.h; sourceTree = "<group>"; };
		F621B94C1F20A2DB003F9701 /* AFAutoPurgingImageCache.m */ = {isa = PBXFileReference; fileEncoding = 4; lastKnownFileType = sourcecode.c.objc; path = AFAutoPurgingImageCache.m; sourceTree = "<group>"; };
		F621B94D1F20A2DB003F9701 /* AFImageDownloader.h */ = {isa = PBXFileReference; fileEncoding = 4; lastKnownFileType = sourcecode.c.h; path = AFImageDownloader.h; sourceTree = "<group>"; };
		F621B94E1F20A2DB003F9701 /* AFImageDownloader.m */ = {isa = PBXFileReference; fileEncoding = 4; lastKnownFileType = sourcecode.c.objc; path = AFImageDownloader.m; sourceTree = "<group>"; };
		F621B94F1F20A2DB003F9701 /* AFNetworkActivityIndicatorManager.h */ = {isa = PBXFileReference; fileEncoding = 4; lastKnownFileType = sourcecode.c.h; path = AFNetworkActivityIndicatorManager.h; sourceTree = "<group>"; };
		F621B9501F20A2DB003F9701 /* AFNetworkActivityIndicatorManager.m */ = {isa = PBXFileReference; fileEncoding = 4; lastKnownFileType = sourcecode.c.objc; path = AFNetworkActivityIndicatorManager.m; sourceTree = "<group>"; };
		F621B9511F20A2DB003F9701 /* UIActivityIndicatorView+AFNetworking.h */ = {isa = PBXFileReference; fileEncoding = 4; lastKnownFileType = sourcecode.c.h; path = "UIActivityIndicatorView+AFNetworking.h"; sourceTree = "<group>"; };
		F621B9521F20A2DB003F9701 /* UIActivityIndicatorView+AFNetworking.m */ = {isa = PBXFileReference; fileEncoding = 4; lastKnownFileType = sourcecode.c.objc; path = "UIActivityIndicatorView+AFNetworking.m"; sourceTree = "<group>"; };
		F621B9531F20A2DB003F9701 /* UIButton+AFNetworking.h */ = {isa = PBXFileReference; fileEncoding = 4; lastKnownFileType = sourcecode.c.h; path = "UIButton+AFNetworking.h"; sourceTree = "<group>"; };
		F621B9541F20A2DB003F9701 /* UIButton+AFNetworking.m */ = {isa = PBXFileReference; fileEncoding = 4; lastKnownFileType = sourcecode.c.objc; path = "UIButton+AFNetworking.m"; sourceTree = "<group>"; };
		F621B9551F20A2DB003F9701 /* UIImage+AFNetworking.h */ = {isa = PBXFileReference; fileEncoding = 4; lastKnownFileType = sourcecode.c.h; path = "UIImage+AFNetworking.h"; sourceTree = "<group>"; };
		F621B9561F20A2DB003F9701 /* UIImageView+AFNetworking.h */ = {isa = PBXFileReference; fileEncoding = 4; lastKnownFileType = sourcecode.c.h; path = "UIImageView+AFNetworking.h"; sourceTree = "<group>"; };
		F621B9571F20A2DB003F9701 /* UIImageView+AFNetworking.m */ = {isa = PBXFileReference; fileEncoding = 4; lastKnownFileType = sourcecode.c.objc; path = "UIImageView+AFNetworking.m"; sourceTree = "<group>"; };
		F621B9581F20A2DB003F9701 /* UIKit+AFNetworking.h */ = {isa = PBXFileReference; fileEncoding = 4; lastKnownFileType = sourcecode.c.h; path = "UIKit+AFNetworking.h"; sourceTree = "<group>"; };
		F621B9591F20A2DB003F9701 /* UIProgressView+AFNetworking.h */ = {isa = PBXFileReference; fileEncoding = 4; lastKnownFileType = sourcecode.c.h; path = "UIProgressView+AFNetworking.h"; sourceTree = "<group>"; };
		F621B95A1F20A2DB003F9701 /* UIProgressView+AFNetworking.m */ = {isa = PBXFileReference; fileEncoding = 4; lastKnownFileType = sourcecode.c.objc; path = "UIProgressView+AFNetworking.m"; sourceTree = "<group>"; };
		F621B95B1F20A2DB003F9701 /* UIRefreshControl+AFNetworking.h */ = {isa = PBXFileReference; fileEncoding = 4; lastKnownFileType = sourcecode.c.h; path = "UIRefreshControl+AFNetworking.h"; sourceTree = "<group>"; };
		F621B95C1F20A2DB003F9701 /* UIRefreshControl+AFNetworking.m */ = {isa = PBXFileReference; fileEncoding = 4; lastKnownFileType = sourcecode.c.objc; path = "UIRefreshControl+AFNetworking.m"; sourceTree = "<group>"; };
		F621B95D1F20A2DB003F9701 /* UIWebView+AFNetworking.h */ = {isa = PBXFileReference; fileEncoding = 4; lastKnownFileType = sourcecode.c.h; path = "UIWebView+AFNetworking.h"; sourceTree = "<group>"; };
		F621B95E1F20A2DB003F9701 /* UIWebView+AFNetworking.m */ = {isa = PBXFileReference; fileEncoding = 4; lastKnownFileType = sourcecode.c.objc; path = "UIWebView+AFNetworking.m"; sourceTree = "<group>"; };
		F621B9681F20A383003F9701 /* DoubanToken.swift */ = {isa = PBXFileReference; fileEncoding = 4; lastKnownFileType = sourcecode.swift; path = DoubanToken.swift; sourceTree = "<group>"; };
		F66E334C1F287382004DD41B /* PlayViewModel.swift */ = {isa = PBXFileReference; fileEncoding = 4; lastKnownFileType = sourcecode.swift; path = PlayViewModel.swift; sourceTree = "<group>"; };
		F66E334E1F28747D004DD41B /* EMMedia.swift */ = {isa = PBXFileReference; fileEncoding = 4; lastKnownFileType = sourcecode.swift; path = EMMedia.swift; sourceTree = "<group>"; };
		F66E33501F287971004DD41B /* PlayViewDataRepository.swift */ = {isa = PBXFileReference; fileEncoding = 4; lastKnownFileType = sourcecode.swift; path = PlayViewDataRepository.swift; sourceTree = "<group>"; };
		F66E33521F287A1D004DD41B /* HomeViewModel.swift */ = {isa = PBXFileReference; fileEncoding = 4; lastKnownFileType = sourcecode.swift; path = HomeViewModel.swift; sourceTree = "<group>"; };
		F66E33541F287A64004DD41B /* HomeViewRepository.swift */ = {isa = PBXFileReference; fileEncoding = 4; lastKnownFileType = sourcecode.swift; path = HomeViewRepository.swift; sourceTree = "<group>"; };
		F66E33561F288E79004DD41B /* ViewModelProtocol.h */ = {isa = PBXFileReference; fileEncoding = 4; lastKnownFileType = sourcecode.c.h; path = ViewModelProtocol.h; sourceTree = "<group>"; };
		F6C67A571F278CBE0004C8D5 /* DOUAudioAnalyzer_Private.h */ = {isa = PBXFileReference; fileEncoding = 4; lastKnownFileType = sourcecode.c.h; path = DOUAudioAnalyzer_Private.h; sourceTree = "<group>"; };
		F6C67A581F278CBE0004C8D5 /* DOUAudioAnalyzer.h */ = {isa = PBXFileReference; fileEncoding = 4; lastKnownFileType = sourcecode.c.h; path = DOUAudioAnalyzer.h; sourceTree = "<group>"; };
		F6C67A591F278CBE0004C8D5 /* DOUAudioAnalyzer.m */ = {isa = PBXFileReference; fileEncoding = 4; lastKnownFileType = sourcecode.c.objc; path = DOUAudioAnalyzer.m; sourceTree = "<group>"; };
		F6C67A5A1F278CBE0004C8D5 /* DOUAudioAnalyzer+Default.h */ = {isa = PBXFileReference; fileEncoding = 4; lastKnownFileType = sourcecode.c.h; path = "DOUAudioAnalyzer+Default.h"; sourceTree = "<group>"; };
		F6C67A5B1F278CBE0004C8D5 /* DOUAudioAnalyzer+Default.m */ = {isa = PBXFileReference; fileEncoding = 4; lastKnownFileType = sourcecode.c.objc; path = "DOUAudioAnalyzer+Default.m"; sourceTree = "<group>"; };
		F6C67A5C1F278CBE0004C8D5 /* DOUAudioBase.h */ = {isa = PBXFileReference; fileEncoding = 4; lastKnownFileType = sourcecode.c.h; path = DOUAudioBase.h; sourceTree = "<group>"; };
		F6C67A5D1F278CBE0004C8D5 /* DOUAudioDecoder.h */ = {isa = PBXFileReference; fileEncoding = 4; lastKnownFileType = sourcecode.c.h; path = DOUAudioDecoder.h; sourceTree = "<group>"; };
		F6C67A5E1F278CBE0004C8D5 /* DOUAudioDecoder.m */ = {isa = PBXFileReference; fileEncoding = 4; lastKnownFileType = sourcecode.c.objc; path = DOUAudioDecoder.m; sourceTree = "<group>"; };
		F6C67A5F1F278CBE0004C8D5 /* DOUAudioEventLoop.h */ = {isa = PBXFileReference; fileEncoding = 4; lastKnownFileType = sourcecode.c.h; path = DOUAudioEventLoop.h; sourceTree = "<group>"; };
		F6C67A601F278CBE0004C8D5 /* DOUAudioEventLoop.m */ = {isa = PBXFileReference; fileEncoding = 4; lastKnownFileType = sourcecode.c.objc; path = DOUAudioEventLoop.m; sourceTree = "<group>"; };
		F6C67A611F278CBE0004C8D5 /* DOUAudioFile.h */ = {isa = PBXFileReference; fileEncoding = 4; lastKnownFileType = sourcecode.c.h; path = DOUAudioFile.h; sourceTree = "<group>"; };
		F6C67A621F278CBE0004C8D5 /* DOUAudioFilePreprocessor.h */ = {isa = PBXFileReference; fileEncoding = 4; lastKnownFileType = sourcecode.c.h; path = DOUAudioFilePreprocessor.h; sourceTree = "<group>"; };
		F6C67A631F278CBE0004C8D5 /* DOUAudioFilePreprocessor.m */ = {isa = PBXFileReference; fileEncoding = 4; lastKnownFileType = sourcecode.c.objc; path = DOUAudioFilePreprocessor.m; sourceTree = "<group>"; };
		F6C67A641F278CBE0004C8D5 /* DOUAudioFileProvider.h */ = {isa = PBXFileReference; fileEncoding = 4; lastKnownFileType = sourcecode.c.h; path = DOUAudioFileProvider.h; sourceTree = "<group>"; };
		F6C67A651F278CBE0004C8D5 /* DOUAudioFileProvider.m */ = {isa = PBXFileReference; fileEncoding = 4; lastKnownFileType = sourcecode.c.objc; path = DOUAudioFileProvider.m; sourceTree = "<group>"; };
		F6C67A661F278CBE0004C8D5 /* DOUAudioFrequencyAnalyzer.h */ = {isa = PBXFileReference; fileEncoding = 4; lastKnownFileType = sourcecode.c.h; path = DOUAudioFrequencyAnalyzer.h; sourceTree = "<group>"; };
		F6C67A671F278CBE0004C8D5 /* DOUAudioFrequencyAnalyzer.m */ = {isa = PBXFileReference; fileEncoding = 4; lastKnownFileType = sourcecode.c.objc; path = DOUAudioFrequencyAnalyzer.m; sourceTree = "<group>"; };
		F6C67A681F278CBE0004C8D5 /* DOUAudioLPCM.h */ = {isa = PBXFileReference; fileEncoding = 4; lastKnownFileType = sourcecode.c.h; path = DOUAudioLPCM.h; sourceTree = "<group>"; };
		F6C67A691F278CBE0004C8D5 /* DOUAudioLPCM.m */ = {isa = PBXFileReference; fileEncoding = 4; lastKnownFileType = sourcecode.c.objc; path = DOUAudioLPCM.m; sourceTree = "<group>"; };
		F6C67A6A1F278CBE0004C8D5 /* DOUAudioPlaybackItem.h */ = {isa = PBXFileReference; fileEncoding = 4; lastKnownFileType = sourcecode.c.h; path = DOUAudioPlaybackItem.h; sourceTree = "<group>"; };
		F6C67A6B1F278CBE0004C8D5 /* DOUAudioPlaybackItem.m */ = {isa = PBXFileReference; fileEncoding = 4; lastKnownFileType = sourcecode.c.objc; path = DOUAudioPlaybackItem.m; sourceTree = "<group>"; };
		F6C67A6C1F278CBE0004C8D5 /* DOUAudioRenderer.h */ = {isa = PBXFileReference; fileEncoding = 4; lastKnownFileType = sourcecode.c.h; path = DOUAudioRenderer.h; sourceTree = "<group>"; };
		F6C67A6D1F278CBE0004C8D5 /* DOUAudioRenderer.m */ = {isa = PBXFileReference; fileEncoding = 4; lastKnownFileType = sourcecode.c.objc; path = DOUAudioRenderer.m; sourceTree = "<group>"; };
		F6C67A6E1F278CBE0004C8D5 /* DOUAudioSpatialAnalyzer.h */ = {isa = PBXFileReference; fileEncoding = 4; lastKnownFileType = sourcecode.c.h; path = DOUAudioSpatialAnalyzer.h; sourceTree = "<group>"; };
		F6C67A6F1F278CBE0004C8D5 /* DOUAudioSpatialAnalyzer.m */ = {isa = PBXFileReference; fileEncoding = 4; lastKnownFileType = sourcecode.c.objc; path = DOUAudioSpatialAnalyzer.m; sourceTree = "<group>"; };
		F6C67A701F278CBE0004C8D5 /* DOUAudioStreamer_Private.h */ = {isa = PBXFileReference; fileEncoding = 4; lastKnownFileType = sourcecode.c.h; path = DOUAudioStreamer_Private.h; sourceTree = "<group>"; };
		F6C67A711F278CBE0004C8D5 /* DOUAudioStreamer.h */ = {isa = PBXFileReference; fileEncoding = 4; lastKnownFileType = sourcecode.c.h; path = DOUAudioStreamer.h; sourceTree = "<group>"; };
		F6C67A721F278CBE0004C8D5 /* DOUAudioStreamer.m */ = {isa = PBXFileReference; fileEncoding = 4; lastKnownFileType = sourcecode.c.objc; path = DOUAudioStreamer.m; sourceTree = "<group>"; };
		F6C67A731F278CBE0004C8D5 /* DOUAudioStreamer+Options.h */ = {isa = PBXFileReference; fileEncoding = 4; lastKnownFileType = sourcecode.c.h; path = "DOUAudioStreamer+Options.h"; sourceTree = "<group>"; };
		F6C67A741F278CBE0004C8D5 /* DOUAudioStreamer+Options.m */ = {isa = PBXFileReference; fileEncoding = 4; lastKnownFileType = sourcecode.c.objc; path = "DOUAudioStreamer+Options.m"; sourceTree = "<group>"; };
		F6C67A751F278CBE0004C8D5 /* DOUAudioVisualizer.h */ = {isa = PBXFileReference; fileEncoding = 4; lastKnownFileType = sourcecode.c.h; path = DOUAudioVisualizer.h; sourceTree = "<group>"; };
		F6C67A761F278CBE0004C8D5 /* DOUAudioVisualizer.m */ = {isa = PBXFileReference; fileEncoding = 4; lastKnownFileType = sourcecode.c.objc; path = DOUAudioVisualizer.m; sourceTree = "<group>"; };
		F6C67A771F278CBE0004C8D5 /* DOUEAGLView.h */ = {isa = PBXFileReference; fileEncoding = 4; lastKnownFileType = sourcecode.c.h; path = DOUEAGLView.h; sourceTree = "<group>"; };
		F6C67A781F278CBE0004C8D5 /* DOUEAGLView.m */ = {isa = PBXFileReference; fileEncoding = 4; lastKnownFileType = sourcecode.c.objc; path = DOUEAGLView.m; sourceTree = "<group>"; };
		F6C67A791F278CBE0004C8D5 /* DOUMPMediaLibraryAssetLoader.h */ = {isa = PBXFileReference; fileEncoding = 4; lastKnownFileType = sourcecode.c.h; path = DOUMPMediaLibraryAssetLoader.h; sourceTree = "<group>"; };
		F6C67A7A1F278CBE0004C8D5 /* DOUMPMediaLibraryAssetLoader.m */ = {isa = PBXFileReference; fileEncoding = 4; lastKnownFileType = sourcecode.c.objc; path = DOUMPMediaLibraryAssetLoader.m; sourceTree = "<group>"; };
		F6C67A7B1F278CBE0004C8D5 /* DOUSimpleHTTPRequest.h */ = {isa = PBXFileReference; fileEncoding = 4; lastKnownFileType = sourcecode.c.h; path = DOUSimpleHTTPRequest.h; sourceTree = "<group>"; };
		F6C67A7C1F278CBE0004C8D5 /* DOUSimpleHTTPRequest.m */ = {isa = PBXFileReference; fileEncoding = 4; lastKnownFileType = sourcecode.c.objc; path = DOUSimpleHTTPRequest.m; sourceTree = "<group>"; };
		F6C67A7D1F278CBE0004C8D5 /* NSData+DOUMappedFile.h */ = {isa = PBXFileReference; fileEncoding = 4; lastKnownFileType = sourcecode.c.h; path = "NSData+DOUMappedFile.h"; sourceTree = "<group>"; };
		F6C67A7E1F278CBE0004C8D5 /* NSData+DOUMappedFile.m */ = {isa = PBXFileReference; fileEncoding = 4; lastKnownFileType = sourcecode.c.objc; path = "NSData+DOUMappedFile.m"; sourceTree = "<group>"; };
/* End PBXFileReference section */

/* Begin PBXFrameworksBuildPhase section */
		F621B8F71F208E5D003F9701 /* Frameworks */ = {
			isa = PBXFrameworksBuildPhase;
			buildActionMask = 2147483647;
			files = (
			);
			runOnlyForDeploymentPostprocessing = 0;
		};
/* End PBXFrameworksBuildPhase section */

/* Begin PBXGroup section */
		F621B8F11F208E5D003F9701 = {
			isa = PBXGroup;
			children = (
				F621B8FC1F208E5D003F9701 /* enjoyMusic */,
				F621B8FB1F208E5D003F9701 /* Products */,
				F6C67A3E1F278AF50004C8D5 /* Frameworks */,
			);
			sourceTree = "<group>";
		};
		F621B8FB1F208E5D003F9701 /* Products */ = {
			isa = PBXGroup;
			children = (
				F621B8FA1F208E5D003F9701 /* enjoyMusic.app */,
			);
			name = Products;
			sourceTree = "<group>";
		};
		F621B8FC1F208E5D003F9701 /* enjoyMusic */ = {
			isa = PBXGroup;
			children = (
				F621B8FD1F208E5D003F9701 /* AppDelegate.swift */,
				F621B8FF1F208E5D003F9701 /* ViewController.swift */,
				F621B9181F20A2B5003F9701 /* ThirdParty */,
				F621B9131F20A27E003F9701 /* API */,
				F621B9141F20A27E003F9701 /* Models */,
				F621B9151F20A27E003F9701 /* ViewControllers */,
				F621B9161F20A27E003F9701 /* ViewModels */,
				F621B9171F20A27E003F9701 /* Views */,
				F621B9011F208E5D003F9701 /* Main.storyboard */,
				F621B9041F208E5D003F9701 /* Assets.xcassets */,
				F621B9061F208E5D003F9701 /* LaunchScreen.storyboard */,
				F621B9091F208E5D003F9701 /* Info.plist */,
				F621B90F1F20A08A003F9701 /* enjoyMusic-Bridging-Header.h */,
			);
			path = enjoyMusic;
			sourceTree = "<group>";
		};
		F621B9131F20A27E003F9701 /* API */ = {
			isa = PBXGroup;
			children = (
				F621B9681F20A383003F9701 /* DoubanToken.swift */,
			);
			path = API;
			sourceTree = "<group>";
		};
		F621B9141F20A27E003F9701 /* Models */ = {
			isa = PBXGroup;
			children = (
				F66E334E1F28747D004DD41B /* EMMedia.swift */,
				F66E33501F287971004DD41B /* PlayViewDataRepository.swift */,
				F66E33541F287A64004DD41B /* HomeViewRepository.swift */,
				F66E33561F288E79004DD41B /* ViewModelProtocol.h */,
			);
			path = Models;
			sourceTree = "<group>";
		};
		F621B9151F20A27E003F9701 /* ViewControllers */ = {
			isa = PBXGroup;
			children = (
				F60FD5E41F259A6600810C0E /* HomeViewController.swift */,
				F60FD5E61F259A9500810C0E /* EMBaseViewController.swift */,
				F60FD5E81F25A8E500810C0E /* PlayMusicViewController.swift */,
			);
			path = ViewControllers;
			sourceTree = "<group>";
		};
		F621B9161F20A27E003F9701 /* ViewModels */ = {
			isa = PBXGroup;
			children = (
				F66E334C1F287382004DD41B /* PlayViewModel.swift */,
				F66E33521F287A1D004DD41B /* HomeViewModel.swift */,
			);
			path = ViewModels;
			sourceTree = "<group>";
		};
		F621B9171F20A27E003F9701 /* Views */ = {
			isa = PBXGroup;
			children = (
			);
			path = Views;
			sourceTree = "<group>";
		};
		F621B9181F20A2B5003F9701 /* ThirdParty */ = {
			isa = PBXGroup;
			children = (
				F6C67A031F2789D00004C8D5 /* DOUAudioPlayer */,
				F621B94A1F20A2DB003F9701 /* UIKit+AFNetworking */,
				F621B9361F20A2D6003F9701 /* AFNetworking */,
				F621B9191F20A2C0003F9701 /* YTKNetwork */,
			);
			path = ThirdParty;
			sourceTree = "<group>";
		};
		F621B9191F20A2C0003F9701 /* YTKNetwork */ = {
			isa = PBXGroup;
			children = (
				F621B91A1F20A2C0003F9701 /* YTKBaseRequest.h */,
				F621B91B1F20A2C0003F9701 /* YTKBaseRequest.m */,
				F621B91C1F20A2C0003F9701 /* YTKBatchRequest.h */,
				F621B91D1F20A2C0003F9701 /* YTKBatchRequest.m */,
				F621B91E1F20A2C0003F9701 /* YTKBatchRequestAgent.h */,
				F621B91F1F20A2C0003F9701 /* YTKBatchRequestAgent.m */,
				F621B9201F20A2C0003F9701 /* YTKChainRequest.h */,
				F621B9211F20A2C0003F9701 /* YTKChainRequest.m */,
				F621B9221F20A2C0003F9701 /* YTKChainRequestAgent.h */,
				F621B9231F20A2C0003F9701 /* YTKChainRequestAgent.m */,
				F621B9241F20A2C0003F9701 /* YTKNetwork.h */,
				F621B9251F20A2C0003F9701 /* YTKNetworkAgent.h */,
				F621B9261F20A2C0003F9701 /* YTKNetworkAgent.m */,
				F621B9271F20A2C0003F9701 /* YTKNetworkConfig.h */,
				F621B9281F20A2C0003F9701 /* YTKNetworkConfig.m */,
				F621B9291F20A2C0003F9701 /* YTKNetworkPrivate.h */,
				F621B92A1F20A2C0003F9701 /* YTKNetworkPrivate.m */,
				F621B92B1F20A2C0003F9701 /* YTKRequest.h */,
				F621B92C1F20A2C0003F9701 /* YTKRequest.m */,
			);
			path = YTKNetwork;
			sourceTree = "<group>";
		};
		F621B9361F20A2D6003F9701 /* AFNetworking */ = {
			isa = PBXGroup;
			children = (
				F621B9371F20A2D6003F9701 /* AFHTTPSessionManager.h */,
				F621B9381F20A2D6003F9701 /* AFHTTPSessionManager.m */,
				F621B9391F20A2D6003F9701 /* AFNetworking.h */,
				F621B93A1F20A2D6003F9701 /* AFNetworkReachabilityManager.h */,
				F621B93B1F20A2D6003F9701 /* AFNetworkReachabilityManager.m */,
				F621B93C1F20A2D6003F9701 /* AFSecurityPolicy.h */,
				F621B93D1F20A2D6003F9701 /* AFSecurityPolicy.m */,
				F621B93E1F20A2D6003F9701 /* AFURLRequestSerialization.h */,
				F621B93F1F20A2D6003F9701 /* AFURLRequestSerialization.m */,
				F621B9401F20A2D6003F9701 /* AFURLResponseSerialization.h */,
				F621B9411F20A2D6003F9701 /* AFURLResponseSerialization.m */,
				F621B9421F20A2D6003F9701 /* AFURLSessionManager.h */,
				F621B9431F20A2D6003F9701 /* AFURLSessionManager.m */,
			);
			path = AFNetworking;
			sourceTree = "<group>";
		};
		F621B94A1F20A2DB003F9701 /* UIKit+AFNetworking */ = {
			isa = PBXGroup;
			children = (
				F621B94B1F20A2DB003F9701 /* AFAutoPurgingImageCache.h */,
				F621B94C1F20A2DB003F9701 /* AFAutoPurgingImageCache.m */,
				F621B94D1F20A2DB003F9701 /* AFImageDownloader.h */,
				F621B94E1F20A2DB003F9701 /* AFImageDownloader.m */,
				F621B94F1F20A2DB003F9701 /* AFNetworkActivityIndicatorManager.h */,
				F621B9501F20A2DB003F9701 /* AFNetworkActivityIndicatorManager.m */,
				F621B9511F20A2DB003F9701 /* UIActivityIndicatorView+AFNetworking.h */,
				F621B9521F20A2DB003F9701 /* UIActivityIndicatorView+AFNetworking.m */,
				F621B9531F20A2DB003F9701 /* UIButton+AFNetworking.h */,
				F621B9541F20A2DB003F9701 /* UIButton+AFNetworking.m */,
				F621B9551F20A2DB003F9701 /* UIImage+AFNetworking.h */,
				F621B9561F20A2DB003F9701 /* UIImageView+AFNetworking.h */,
				F621B9571F20A2DB003F9701 /* UIImageView+AFNetworking.m */,
				F621B9581F20A2DB003F9701 /* UIKit+AFNetworking.h */,
				F621B9591F20A2DB003F9701 /* UIProgressView+AFNetworking.h */,
				F621B95A1F20A2DB003F9701 /* UIProgressView+AFNetworking.m */,
				F621B95B1F20A2DB003F9701 /* UIRefreshControl+AFNetworking.h */,
				F621B95C1F20A2DB003F9701 /* UIRefreshControl+AFNetworking.m */,
				F621B95D1F20A2DB003F9701 /* UIWebView+AFNetworking.h */,
				F621B95E1F20A2DB003F9701 /* UIWebView+AFNetworking.m */,
			);
			path = "UIKit+AFNetworking";
			sourceTree = "<group>";
		};
		F6C67A031F2789D00004C8D5 /* DOUAudioPlayer */ = {
			isa = PBXGroup;
			children = (
				F6C67A571F278CBE0004C8D5 /* DOUAudioAnalyzer_Private.h */,
				F6C67A581F278CBE0004C8D5 /* DOUAudioAnalyzer.h */,
				F6C67A591F278CBE0004C8D5 /* DOUAudioAnalyzer.m */,
				F6C67A5A1F278CBE0004C8D5 /* DOUAudioAnalyzer+Default.h */,
				F6C67A5B1F278CBE0004C8D5 /* DOUAudioAnalyzer+Default.m */,
				F6C67A5C1F278CBE0004C8D5 /* DOUAudioBase.h */,
				F6C67A5D1F278CBE0004C8D5 /* DOUAudioDecoder.h */,
				F6C67A5E1F278CBE0004C8D5 /* DOUAudioDecoder.m */,
				F6C67A5F1F278CBE0004C8D5 /* DOUAudioEventLoop.h */,
				F6C67A601F278CBE0004C8D5 /* DOUAudioEventLoop.m */,
				F6C67A611F278CBE0004C8D5 /* DOUAudioFile.h */,
				F6C67A621F278CBE0004C8D5 /* DOUAudioFilePreprocessor.h */,
				F6C67A631F278CBE0004C8D5 /* DOUAudioFilePreprocessor.m */,
				F6C67A641F278CBE0004C8D5 /* DOUAudioFileProvider.h */,
				F6C67A651F278CBE0004C8D5 /* DOUAudioFileProvider.m */,
				F6C67A661F278CBE0004C8D5 /* DOUAudioFrequencyAnalyzer.h */,
				F6C67A671F278CBE0004C8D5 /* DOUAudioFrequencyAnalyzer.m */,
				F6C67A681F278CBE0004C8D5 /* DOUAudioLPCM.h */,
				F6C67A691F278CBE0004C8D5 /* DOUAudioLPCM.m */,
				F6C67A6A1F278CBE0004C8D5 /* DOUAudioPlaybackItem.h */,
				F6C67A6B1F278CBE0004C8D5 /* DOUAudioPlaybackItem.m */,
				F6C67A6C1F278CBE0004C8D5 /* DOUAudioRenderer.h */,
				F6C67A6D1F278CBE0004C8D5 /* DOUAudioRenderer.m */,
				F6C67A6E1F278CBE0004C8D5 /* DOUAudioSpatialAnalyzer.h */,
				F6C67A6F1F278CBE0004C8D5 /* DOUAudioSpatialAnalyzer.m */,
				F6C67A701F278CBE0004C8D5 /* DOUAudioStreamer_Private.h */,
				F6C67A711F278CBE0004C8D5 /* DOUAudioStreamer.h */,
				F6C67A721F278CBE0004C8D5 /* DOUAudioStreamer.m */,
				F6C67A731F278CBE0004C8D5 /* DOUAudioStreamer+Options.h */,
				F6C67A741F278CBE0004C8D5 /* DOUAudioStreamer+Options.m */,
				F6C67A751F278CBE0004C8D5 /* DOUAudioVisualizer.h */,
				F6C67A761F278CBE0004C8D5 /* DOUAudioVisualizer.m */,
				F6C67A771F278CBE0004C8D5 /* DOUEAGLView.h */,
				F6C67A781F278CBE0004C8D5 /* DOUEAGLView.m */,
				F6C67A791F278CBE0004C8D5 /* DOUMPMediaLibraryAssetLoader.h */,
				F6C67A7A1F278CBE0004C8D5 /* DOUMPMediaLibraryAssetLoader.m */,
				F6C67A7B1F278CBE0004C8D5 /* DOUSimpleHTTPRequest.h */,
				F6C67A7C1F278CBE0004C8D5 /* DOUSimpleHTTPRequest.m */,
				F6C67A7D1F278CBE0004C8D5 /* NSData+DOUMappedFile.h */,
				F6C67A7E1F278CBE0004C8D5 /* NSData+DOUMappedFile.m */,
			);
			path = DOUAudioPlayer;
			sourceTree = "<group>";
		};
		F6C67A3E1F278AF50004C8D5 /* Frameworks */ = {
			isa = PBXGroup;
			children = (
			);
			name = Frameworks;
			sourceTree = "<group>";
		};
/* End PBXGroup section */

/* Begin PBXNativeTarget section */
		F621B8F91F208E5D003F9701 /* enjoyMusic */ = {
			isa = PBXNativeTarget;
			buildConfigurationList = F621B90C1F208E5D003F9701 /* Build configuration list for PBXNativeTarget "enjoyMusic" */;
			buildPhases = (
				F621B8F61F208E5D003F9701 /* Sources */,
				F621B8F71F208E5D003F9701 /* Frameworks */,
				F621B8F81F208E5D003F9701 /* Resources */,
			);
			buildRules = (
			);
			dependencies = (
			);
			name = enjoyMusic;
			productName = enjoyMusic;
			productReference = F621B8FA1F208E5D003F9701 /* enjoyMusic.app */;
			productType = "com.apple.product-type.application";
		};
/* End PBXNativeTarget section */

/* Begin PBXProject section */
		F621B8F21F208E5D003F9701 /* Project object */ = {
			isa = PBXProject;
			attributes = {
				LastSwiftUpdateCheck = 0820;
				LastUpgradeCheck = 0820;
				ORGANIZATIONNAME = liuhongnian;
				TargetAttributes = {
					F621B8F91F208E5D003F9701 = {
						CreatedOnToolsVersion = 8.2.1;
						DevelopmentTeam = 6C2R3R9CB5;
						LastSwiftMigration = 0820;
						ProvisioningStyle = Manual;
					};
				};
			};
			buildConfigurationList = F621B8F51F208E5D003F9701 /* Build configuration list for PBXProject "enjoyMusic" */;
			compatibilityVersion = "Xcode 3.2";
			developmentRegion = English;
			hasScannedForEncodings = 0;
			knownRegions = (
				en,
				Base,
			);
			mainGroup = F621B8F11F208E5D003F9701;
			productRefGroup = F621B8FB1F208E5D003F9701 /* Products */;
			projectDirPath = "";
			projectRoot = "";
			targets = (
				F621B8F91F208E5D003F9701 /* enjoyMusic */,
			);
		};
/* End PBXProject section */

/* Begin PBXResourcesBuildPhase section */
		F621B8F81F208E5D003F9701 /* Resources */ = {
			isa = PBXResourcesBuildPhase;
			buildActionMask = 2147483647;
			files = (
				F621B9081F208E5D003F9701 /* LaunchScreen.storyboard in Resources */,
				F621B9051F208E5D003F9701 /* Assets.xcassets in Resources */,
				F621B9031F208E5D003F9701 /* Main.storyboard in Resources */,
			);
			runOnlyForDeploymentPostprocessing = 0;
		};
/* End PBXResourcesBuildPhase section */

/* Begin PBXSourcesBuildPhase section */
		F621B8F61F208E5D003F9701 /* Sources */ = {
			isa = PBXSourcesBuildPhase;
			buildActionMask = 2147483647;
			files = (
				F60FD5E71F259A9500810C0E /* EMBaseViewController.swift in Sources */,
				F621B9491F20A2D6003F9701 /* AFURLSessionManager.m in Sources */,
				F6C67A871F278CBE0004C8D5 /* DOUAudioPlaybackItem.m in Sources */,
				F6C67A841F278CBE0004C8D5 /* DOUAudioFileProvider.m in Sources */,
				F66E33511F287971004DD41B /* PlayViewDataRepository.swift in Sources */,
				F621B9461F20A2D6003F9701 /* AFSecurityPolicy.m in Sources */,
				F621B9001F208E5D003F9701 /* ViewController.swift in Sources */,
				F6C67A901F278CBE0004C8D5 /* NSData+DOUMappedFile.m in Sources */,
				F6C67A861F278CBE0004C8D5 /* DOUAudioLPCM.m in Sources */,
				F60FD5E91F25A8E500810C0E /* PlayMusicViewController.swift in Sources */,
				F6C67A801F278CBE0004C8D5 /* DOUAudioAnalyzer+Default.m in Sources */,
				F621B9451F20A2D6003F9701 /* AFNetworkReachabilityManager.m in Sources */,
				F621B9611F20A2DB003F9701 /* AFNetworkActivityIndicatorManager.m in Sources */,
				F6C67A7F1F278CBE0004C8D5 /* DOUAudioAnalyzer.m in Sources */,
				F621B9691F20A383003F9701 /* DoubanToken.swift in Sources */,
				F6C67A831F278CBE0004C8D5 /* DOUAudioFilePreprocessor.m in Sources */,
				F6C67A8E1F278CBE0004C8D5 /* DOUMPMediaLibraryAssetLoader.m in Sources */,
				F6C67A821F278CBE0004C8D5 /* DOUAudioEventLoop.m in Sources */,
				F621B9641F20A2DB003F9701 /* UIImageView+AFNetworking.m in Sources */,
				F621B9351F20A2C0003F9701 /* YTKRequest.m in Sources */,
				F621B9621F20A2DB003F9701 /* UIActivityIndicatorView+AFNetworking.m in Sources */,
				F621B9671F20A2DB003F9701 /* UIWebView+AFNetworking.m in Sources */,
				F621B92D1F20A2C0003F9701 /* YTKBaseRequest.m in Sources */,
				F621B9441F20A2D6003F9701 /* AFHTTPSessionManager.m in Sources */,
				F621B8FE1F208E5D003F9701 /* AppDelegate.swift in Sources */,
				F6C67A8A1F278CBE0004C8D5 /* DOUAudioStreamer.m in Sources */,
				F621B92E1F20A2C0003F9701 /* YTKBatchRequest.m in Sources */,
				F621B9311F20A2C0003F9701 /* YTKChainRequestAgent.m in Sources */,
				F621B9321F20A2C0003F9701 /* YTKNetworkAgent.m in Sources */,
				F621B9301F20A2C0003F9701 /* YTKChainRequest.m in Sources */,
				F621B9601F20A2DB003F9701 /* AFImageDownloader.m in Sources */,
				F621B9651F20A2DB003F9701 /* UIProgressView+AFNetworking.m in Sources */,
				F60FD5E51F259A6600810C0E /* HomeViewController.swift in Sources */,
				F6C67A851F278CBE0004C8D5 /* DOUAudioFrequencyAnalyzer.m in Sources */,
				F6C67A881F278CBE0004C8D5 /* DOUAudioRenderer.m in Sources */,
				F621B9331F20A2C0003F9701 /* YTKNetworkConfig.m in Sources */,
				F66E334D1F287382004DD41B /* PlayViewModel.swift in Sources */,
				F621B9631F20A2DB003F9701 /* UIButton+AFNetworking.m in Sources */,
				F621B9471F20A2D6003F9701 /* AFURLRequestSerialization.m in Sources */,
				F66E334F1F28747D004DD41B /* EMMedia.swift in Sources */,
				F6C67A891F278CBE0004C8D5 /* DOUAudioSpatialAnalyzer.m in Sources */,
				F621B92F1F20A2C0003F9701 /* YTKBatchRequestAgent.m in Sources */,
				F621B95F1F20A2DB003F9701 /* AFAutoPurgingImageCache.m in Sources */,
				F66E33551F287A64004DD41B /* HomeViewRepository.swift in Sources */,
				F6C67A811F278CBE0004C8D5 /* DOUAudioDecoder.m in Sources */,
				F6C67A8F1F278CBE0004C8D5 /* DOUSimpleHTTPRequest.m in Sources */,
				F621B9661F20A2DB003F9701 /* UIRefreshControl+AFNetworking.m in Sources */,
				F621B9481F20A2D6003F9701 /* AFURLResponseSerialization.m in Sources */,
				F66E33531F287A1D004DD41B /* HomeViewModel.swift in Sources */,
				F621B9341F20A2C0003F9701 /* YTKNetworkPrivate.m in Sources */,
				F6C67A8B1F278CBE0004C8D5 /* DOUAudioStreamer+Options.m in Sources */,
				F6C67A8D1F278CBE0004C8D5 /* DOUEAGLView.m in Sources */,
				F6C67A8C1F278CBE0004C8D5 /* DOUAudioVisualizer.m in Sources */,
			);
			runOnlyForDeploymentPostprocessing = 0;
		};
/* End PBXSourcesBuildPhase section */

/* Begin PBXVariantGroup section */
		F621B9011F208E5D003F9701 /* Main.storyboard */ = {
			isa = PBXVariantGroup;
			children = (
				F621B9021F208E5D003F9701 /* Base */,
			);
			name = Main.storyboard;
			sourceTree = "<group>";
		};
		F621B9061F208E5D003F9701 /* LaunchScreen.storyboard */ = {
			isa = PBXVariantGroup;
			children = (
				F621B9071F208E5D003F9701 /* Base */,
			);
			name = LaunchScreen.storyboard;
			sourceTree = "<group>";
		};
/* End PBXVariantGroup section */

/* Begin XCBuildConfiguration section */
		F621B90A1F208E5D003F9701 /* Debug */ = {
			isa = XCBuildConfiguration;
			buildSettings = {
				ALWAYS_SEARCH_USER_PATHS = NO;
				CLANG_ANALYZER_NONNULL = YES;
				CLANG_CXX_LANGUAGE_STANDARD = "gnu++0x";
				CLANG_CXX_LIBRARY = "libc++";
				CLANG_ENABLE_MODULES = YES;
				CLANG_ENABLE_OBJC_ARC = YES;
				CLANG_WARN_BOOL_CONVERSION = YES;
				CLANG_WARN_CONSTANT_CONVERSION = YES;
				CLANG_WARN_DIRECT_OBJC_ISA_USAGE = YES_ERROR;
				CLANG_WARN_DOCUMENTATION_COMMENTS = YES;
				CLANG_WARN_EMPTY_BODY = YES;
				CLANG_WARN_ENUM_CONVERSION = YES;
				CLANG_WARN_INFINITE_RECURSION = YES;
				CLANG_WARN_INT_CONVERSION = YES;
				CLANG_WARN_OBJC_ROOT_CLASS = YES_ERROR;
				CLANG_WARN_SUSPICIOUS_MOVE = YES;
				CLANG_WARN_UNREACHABLE_CODE = YES;
				CLANG_WARN__DUPLICATE_METHOD_MATCH = YES;
				"CODE_SIGN_IDENTITY[sdk=iphoneos*]" = "iPhone Developer";
				COPY_PHASE_STRIP = NO;
				DEBUG_INFORMATION_FORMAT = dwarf;
				ENABLE_STRICT_OBJC_MSGSEND = YES;
				ENABLE_TESTABILITY = YES;
				GCC_C_LANGUAGE_STANDARD = gnu99;
				GCC_DYNAMIC_NO_PIC = NO;
				GCC_NO_COMMON_BLOCKS = YES;
				GCC_OPTIMIZATION_LEVEL = 0;
				GCC_PREPROCESSOR_DEFINITIONS = (
					"DEBUG=1",
					"$(inherited)",
				);
				GCC_WARN_64_TO_32_BIT_CONVERSION = YES;
				GCC_WARN_ABOUT_RETURN_TYPE = YES_ERROR;
				GCC_WARN_UNDECLARED_SELECTOR = YES;
				GCC_WARN_UNINITIALIZED_AUTOS = YES_AGGRESSIVE;
				GCC_WARN_UNUSED_FUNCTION = YES;
				GCC_WARN_UNUSED_VARIABLE = YES;
				IPHONEOS_DEPLOYMENT_TARGET = 10.2;
				MTL_ENABLE_DEBUG_INFO = YES;
				ONLY_ACTIVE_ARCH = YES;
				SDKROOT = iphoneos;
				SWIFT_ACTIVE_COMPILATION_CONDITIONS = DEBUG;
				SWIFT_OPTIMIZATION_LEVEL = "-Onone";
			};
			name = Debug;
		};
		F621B90B1F208E5D003F9701 /* Release */ = {
			isa = XCBuildConfiguration;
			buildSettings = {
				ALWAYS_SEARCH_USER_PATHS = NO;
				CLANG_ANALYZER_NONNULL = YES;
				CLANG_CXX_LANGUAGE_STANDARD = "gnu++0x";
				CLANG_CXX_LIBRARY = "libc++";
				CLANG_ENABLE_MODULES = YES;
				CLANG_ENABLE_OBJC_ARC = YES;
				CLANG_WARN_BOOL_CONVERSION = YES;
				CLANG_WARN_CONSTANT_CONVERSION = YES;
				CLANG_WARN_DIRECT_OBJC_ISA_USAGE = YES_ERROR;
				CLANG_WARN_DOCUMENTATION_COMMENTS = YES;
				CLANG_WARN_EMPTY_BODY = YES;
				CLANG_WARN_ENUM_CONVERSION = YES;
				CLANG_WARN_INFINITE_RECURSION = YES;
				CLANG_WARN_INT_CONVERSION = YES;
				CLANG_WARN_OBJC_ROOT_CLASS = YES_ERROR;
				CLANG_WARN_SUSPICIOUS_MOVE = YES;
				CLANG_WARN_UNREACHABLE_CODE = YES;
				CLANG_WARN__DUPLICATE_METHOD_MATCH = YES;
				"CODE_SIGN_IDENTITY[sdk=iphoneos*]" = "iPhone Developer";
				COPY_PHASE_STRIP = NO;
				DEBUG_INFORMATION_FORMAT = "dwarf-with-dsym";
				ENABLE_NS_ASSERTIONS = NO;
				ENABLE_STRICT_OBJC_MSGSEND = YES;
				GCC_C_LANGUAGE_STANDARD = gnu99;
				GCC_NO_COMMON_BLOCKS = YES;
				GCC_WARN_64_TO_32_BIT_CONVERSION = YES;
				GCC_WARN_ABOUT_RETURN_TYPE = YES_ERROR;
				GCC_WARN_UNDECLARED_SELECTOR = YES;
				GCC_WARN_UNINITIALIZED_AUTOS = YES_AGGRESSIVE;
				GCC_WARN_UNUSED_FUNCTION = YES;
				GCC_WARN_UNUSED_VARIABLE = YES;
				IPHONEOS_DEPLOYMENT_TARGET = 10.2;
				MTL_ENABLE_DEBUG_INFO = NO;
				SDKROOT = iphoneos;
				SWIFT_OPTIMIZATION_LEVEL = "-Owholemodule";
				VALIDATE_PRODUCT = YES;
			};
			name = Release;
		};
		F621B90D1F208E5D003F9701 /* Debug */ = {
			isa = XCBuildConfiguration;
			buildSettings = {
				ASSETCATALOG_COMPILER_APPICON_NAME = AppIcon;
				CLANG_ENABLE_MODULES = YES;
				DEVELOPMENT_TEAM = 6C2R3R9CB5;
				INFOPLIST_FILE = enjoyMusic/Info.plist;
				IPHONEOS_DEPLOYMENT_TARGET = 9.0;
				LD_RUNPATH_SEARCH_PATHS = "$(inherited) @executable_path/Frameworks";
				PRODUCT_BUNDLE_IDENTIFIER = com.aixcoder.enjoyMusic;
				PRODUCT_NAME = "$(TARGET_NAME)";
				PROVISIONING_PROFILE = "5e49ef55-2140-4a10-929a-0834af8f13a5";
				PROVISIONING_PROFILE_SPECIFIER = "***";
				SWIFT_OBJC_BRIDGING_HEADER = "enjoyMusic/enjoyMusic-Bridging-Header.h";
				SWIFT_OPTIMIZATION_LEVEL = "-Onone";
				SWIFT_VERSION = 3.0;
			};
			name = Debug;
		};
		F621B90E1F208E5D003F9701 /* Release */ = {
			isa = XCBuildConfiguration;
			buildSettings = {
				ASSETCATALOG_COMPILER_APPICON_NAME = AppIcon;
				CLANG_ENABLE_MODULES = YES;
				DEVELOPMENT_TEAM = "";
				INFOPLIST_FILE = enjoyMusic/Info.plist;
				IPHONEOS_DEPLOYMENT_TARGET = 9.0;
				LD_RUNPATH_SEARCH_PATHS = "$(inherited) @executable_path/Frameworks";
				PRODUCT_BUNDLE_IDENTIFIER = com.aixcoder.enjoyMusic;
				PRODUCT_NAME = "$(TARGET_NAME)";
				SWIFT_OBJC_BRIDGING_HEADER = "enjoyMusic/enjoyMusic-Bridging-Header.h";
				SWIFT_VERSION = 3.0;
			};
			name = Release;
		};
/* End XCBuildConfiguration section */

/* Begin XCConfigurationList section */
		F621B8F51F208E5D003F9701 /* Build configuration list for PBXProject "enjoyMusic" */ = {
			isa = XCConfigurationList;
			buildConfigurations = (
				F621B90A1F208E5D003F9701 /* Debug */,
				F621B90B1F208E5D003F9701 /* Release */,
			);
			defaultConfigurationIsVisible = 0;
			defaultConfigurationName = Release;
		};
		F621B90C1F208E5D003F9701 /* Build configuration list for PBXNativeTarget "enjoyMusic" */ = {
			isa = XCConfigurationList;
			buildConfigurations = (
				F621B90D1F208E5D003F9701 /* Debug */,
				F621B90E1F208E5D003F9701 /* Release */,
			);
			defaultConfigurationIsVisible = 0;
			defaultConfigurationName = Release;
		};
/* End XCConfigurationList section */
	};
	rootObject = F621B8F21F208E5D003F9701 /* Project object */;
}
